{
  "nodes": {
    "lib": {
      "locked": {
        "dir": "lib",
        "dirtyRev": "9c29945531c58ad81f05cd1f4958c8894a733216-dirty",
        "dirtyShortRev": "9c29945-dirty",
        "lastModified": 1718255029,
        "narHash": "sha256-iPMsyNszFA+EzjtIpjmu9EAG7zdjLbuugLtfa64dJos=",
        "type": "git",
        "url": "file:../?dir=lib"
      },
      "original": {
        "dir": "lib",
        "type": "git",
        "url": "file:../?dir=lib"
      }
    },
    "root": {
      "inputs": {
        "lib": "lib"
      }
    }
  },
  "root": "root",
  "version": 7
}
