{
  "nodes": {
    "lib": {
      "locked": {
        "dir": "lib",
        "lastModified": 1718109789,
        "narHash": "sha256-YMAa0CgoXmGLtfKd2obYO6FTNbHP5Ia//4up5VJ4Bqs=",
        "ref": "refs/heads/main",
        "rev": "25bf71bbe47878fa9d2ef3c94f528e630a1795b6",
        "revCount": 47,
        "type": "git",
        "url": "https://github.com/srd424/labs?dir=lib"
      },
      "original": {
        "dir": "lib",
        "type": "git",
        "url": "https://github.com/srd424/labs?dir=lib"
      }
    },
    "root": {
      "inputs": {
        "lib": "lib"
      }
    }
  },
  "root": "root",
  "version": 7
}
