{
  "nodes": {
    "lib": {
      "locked": {
        "dir": "lib",
        "lastModified": 1718089818,
        "narHash": "sha256-vBMt68NW0WAsPdHj301T9QjcnF/167D5eOIpzDPEZUw=",
        "ref": "refs/heads/main",
        "rev": "29146add9eaf367e6adddc939ed38b0f61863177",
        "revCount": 41,
        "type": "git",
        "url": "http://github.com/srd424/labs?dir=lib"
      },
      "original": {
        "dir": "lib",
        "type": "git",
        "url": "http://github.com/srd424/labs?dir=lib"
      }
    },
    "root": {
      "inputs": {
        "lib": "lib"
      }
    }
  },
  "root": "root",
  "version": 7
}
