{
  "nodes": {
    "foundation": {
      "inputs": {
        "lib": [
          "lib"
        ]
      },
      "locked": {
        "dir": "foundation",
        "dirtyRev": "b3f9fe574e6ff545e4a6fe6ad5e90fc71baeece3-dirty",
        "dirtyShortRev": "b3f9fe5-dirty",
        "lastModified": 1718366115,
        "narHash": "sha256-/ktNtlY/usvE1YaathJ0f6y60cv3gQjc32SMKApsp7Y=",
        "type": "git",
        "url": "file:../?dir=foundation"
      },
      "original": {
        "dir": "foundation",
        "type": "git",
        "url": "file:../?dir=foundation"
      }
    },
    "lib": {
      "locked": {
        "dir": "lib",
        "dirtyRev": "b3f9fe574e6ff545e4a6fe6ad5e90fc71baeece3-dirty",
        "dirtyShortRev": "b3f9fe5-dirty",
        "lastModified": 1718366115,
        "narHash": "sha256-/ktNtlY/usvE1YaathJ0f6y60cv3gQjc32SMKApsp7Y=",
        "type": "git",
        "url": "file:../?dir=lib"
      },
      "original": {
        "dir": "lib",
        "type": "git",
        "url": "file:../?dir=lib"
      }
    },
    "root": {
      "inputs": {
        "foundation": "foundation",
        "lib": "lib"
      }
    }
  },
  "root": "root",
  "version": 7
}
