{
  "nodes": {
    "foundation": {
      "inputs": {
        "lib": [
          "lib"
        ]
      },
      "locked": {
        "dir": "foundation",
        "dirtyRev": "6bd35bf4d5f24b8e91d8afa589ea3088796b2baa-dirty",
        "dirtyShortRev": "6bd35bf-dirty",
        "lastModified": 1718450285,
        "narHash": "sha256-/i3RlOudzZdl6UBdhMDRBAgVQTHOZDXEkSfRUw77aK8=",
        "type": "git",
        "url": "file:../?dir=foundation"
      },
      "original": {
        "dir": "foundation",
        "type": "git",
        "url": "file:../?dir=foundation"
      }
    },
    "lib": {
      "locked": {
        "dir": "lib",
        "dirtyRev": "6bd35bf4d5f24b8e91d8afa589ea3088796b2baa-dirty",
        "dirtyShortRev": "6bd35bf-dirty",
        "lastModified": 1718450285,
        "narHash": "sha256-/i3RlOudzZdl6UBdhMDRBAgVQTHOZDXEkSfRUw77aK8=",
        "type": "git",
        "url": "file:../?dir=lib"
      },
      "original": {
        "dir": "lib",
        "type": "git",
        "url": "file:../?dir=lib"
      }
    },
    "root": {
      "inputs": {
        "foundation": "foundation",
        "lib": "lib"
      }
    }
  },
  "root": "root",
  "version": 7
}
