{
  "nodes": {
    "foundation": {
      "inputs": {
        "lib": [
          "lib"
        ]
      },
      "locked": {
        "dir": "foundation",
        "dirtyRev": "2989fdc4fe153f13e7b6b476476805b03c419f0c-dirty",
        "dirtyShortRev": "2989fdc-dirty",
        "lastModified": 1718444137,
        "narHash": "sha256-gArdjry0N4et4B+wQa31JyLJ448JWd9OFA1Roe3EOAc=",
        "type": "git",
        "url": "file:../?dir=foundation"
      },
      "original": {
        "dir": "foundation",
        "type": "git",
        "url": "file:../?dir=foundation"
      }
    },
    "lib": {
      "locked": {
        "dir": "lib",
        "dirtyRev": "2989fdc4fe153f13e7b6b476476805b03c419f0c-dirty",
        "dirtyShortRev": "2989fdc-dirty",
        "lastModified": 1718444137,
        "narHash": "sha256-gArdjry0N4et4B+wQa31JyLJ448JWd9OFA1Roe3EOAc=",
        "type": "git",
        "url": "file:../?dir=lib"
      },
      "original": {
        "dir": "lib",
        "type": "git",
        "url": "file:../?dir=lib"
      }
    },
    "root": {
      "inputs": {
        "foundation": "foundation",
        "lib": "lib"
      }
    }
  },
  "root": "root",
  "version": 7
}
