{
  "nodes": {
    "foundation": {
      "inputs": {
        "lib": [
          "lib"
        ]
      },
      "locked": {
        "dir": "foundation",
        "dirtyRev": "cd12786be17a611976b44fbba3e245eca512535f-dirty",
        "dirtyShortRev": "cd12786-dirty",
        "lastModified": 1718199069,
        "narHash": "sha256-H2Mkyp9BPDPte+E++uIG2N/vGtcS3H9Q7tM3fOOEXT0=",
        "type": "git",
        "url": "file:../?dir=foundation"
      },
      "original": {
        "dir": "foundation",
        "type": "git",
        "url": "file:../?dir=foundation"
      }
    },
    "lib": {
      "locked": {
        "dir": "lib",
        "dirtyRev": "cd12786be17a611976b44fbba3e245eca512535f-dirty",
        "dirtyShortRev": "cd12786-dirty",
        "lastModified": 1718199069,
        "narHash": "sha256-H2Mkyp9BPDPte+E++uIG2N/vGtcS3H9Q7tM3fOOEXT0=",
        "type": "git",
        "url": "file:../?dir=lib"
      },
      "original": {
        "dir": "lib",
        "type": "git",
        "url": "file:../?dir=lib"
      }
    },
    "root": {
      "inputs": {
        "foundation": "foundation",
        "lib": "lib"
      }
    }
  },
  "root": "root",
  "version": 7
}
